
Microsoft Visual Studio Solution File, Format Version 12.00
# Visual Studio Version 16
VisualStudioVersion = 16.0.29709.97
MinimumVisualStudioVersion = 10.0.40219.1
Project("{8BC9CEB8-8B4A-11D0-8D11-00A0C91BC942}") = "ex00", "PCPP-M07\PCPP-M07.vcxproj", "{79CEF523-3BC8-43DC-91BA-907D21DB78B7}"
EndProject
Project("{8BC9CEB8-8B4A-11D0-8D11-00A0C91BC942}") = "ex01", "ex01\ex01.vcxproj", "{AC70FA54-D598-422D-98E1-0737FD06E5D4}"
EndProject
Project("{8BC9CEB8-8B4A-11D0-8D11-00A0C91BC942}") = "ex02", "ex02\ex02.vcxproj", "{32D1AE52-445C-4EC4-B895-4285A8A8EB98}"
EndProject
Global
	GlobalSection(SolutionConfigurationPlatforms) = preSolution
		Debug|x64 = Debug|x64
		Debug|x86 = Debug|x86
		Release|x64 = Release|x64
		Release|x86 = Release|x86
	EndGlobalSection
	GlobalSection(ProjectConfigurationPlatforms) = postSolution
		{79CEF523-3BC8-43DC-91BA-907D21DB78B7}.Debug|x64.ActiveCfg = Debug|x64
		{79CEF523-3BC8-43DC-91BA-907D21DB78B7}.Debug|x64.Build.0 = Debug|x64
		{79CEF523-3BC8-43DC-91BA-907D21DB78B7}.Debug|x86.ActiveCfg = Debug|Win32
		{79CEF523-3BC8-43DC-91BA-907D21DB78B7}.Debug|x86.Build.0 = Debug|Win32
		{79CEF523-3BC8-43DC-91BA-907D21DB78B7}.Release|x64.ActiveCfg = Release|x64
		{79CEF523-3BC8-43DC-91BA-907D21DB78B7}.Release|x64.Build.0 = Release|x64
		{79CEF523-3BC8-43DC-91BA-907D21DB78B7}.Release|x86.ActiveCfg = Release|Win32
		{79CEF523-3BC8-43DC-91BA-907D21DB78B7}.Release|x86.Build.0 = Release|Win32
		{AC70FA54-D598-422D-98E1-0737FD06E5D4}.Debug|x64.ActiveCfg = Debug|x64
		{AC70FA54-D598-422D-98E1-0737FD06E5D4}.Debug|x64.Build.0 = Debug|x64
		{AC70FA54-D598-422D-98E1-0737FD06E5D4}.Debug|x86.ActiveCfg = Debug|Win32
		{AC70FA54-D598-422D-98E1-0737FD06E5D4}.Debug|x86.Build.0 = Debug|Win32
		{AC70FA54-D598-422D-98E1-0737FD06E5D4}.Release|x64.ActiveCfg = Release|x64
		{AC70FA54-D598-422D-98E1-0737FD06E5D4}.Release|x64.Build.0 = Release|x64
		{AC70FA54-D598-422D-98E1-0737FD06E5D4}.Release|x86.ActiveCfg = Release|Win32
		{AC70FA54-D598-422D-98E1-0737FD06E5D4}.Release|x86.Build.0 = Release|Win32
		{32D1AE52-445C-4EC4-B895-4285A8A8EB98}.Debug|x64.ActiveCfg = Debug|x64
		{32D1AE52-445C-4EC4-B895-4285A8A8EB98}.Debug|x64.Build.0 = Debug|x64
		{32D1AE52-445C-4EC4-B895-4285A8A8EB98}.Debug|x86.ActiveCfg = Debug|Win32
		{32D1AE52-445C-4EC4-B895-4285A8A8EB98}.Debug|x86.Build.0 = Debug|Win32
		{32D1AE52-445C-4EC4-B895-4285A8A8EB98}.Release|x64.ActiveCfg = Release|x64
		{32D1AE52-445C-4EC4-B895-4285A8A8EB98}.Release|x64.Build.0 = Release|x64
		{32D1AE52-445C-4EC4-B895-4285A8A8EB98}.Release|x86.ActiveCfg = Release|Win32
		{32D1AE52-445C-4EC4-B895-4285A8A8EB98}.Release|x86.Build.0 = Release|Win32
	EndGlobalSection
	GlobalSection(SolutionProperties) = preSolution
		HideSolutionNode = FALSE
	EndGlobalSection
	GlobalSection(ExtensibilityGlobals) = postSolution
		SolutionGuid = {48CCB40D-B253-4D6C-A910-EDE546DF668B}
	EndGlobalSection
EndGlobal
